
Microsoft Visual Studio Solution File, Format Version 12.00
Project("{FAE04EC0-301F-11D3-BF4B-00C04F79EFBC}") = "nac.OAUTHLogin", "nac.OAUTHLogin\nac.OAUTHLogin.csproj", "{77BFA4DB-0291-488D-AA5A-98BD83C9623D}"
EndProject
Project("{FAE04EC0-301F-11D3-BF4B-00C04F79EFBC}") = "Tests", "Tests\Tests.csproj", "{FA7A547A-06BE-4D13-9880-D93C01F5AE50}"
EndProject
Project("{FAE04EC0-301F-11D3-BF4B-00C04F79EFBC}") = "TestApp", "TestApp\TestApp.csproj", "{A259C002-B832-4ACF-8FB0-21421897DFC8}"
EndProject
Global
	GlobalSection(SolutionConfigurationPlatforms) = preSolution
		Debug|Any CPU = Debug|Any CPU
		Release|Any CPU = Release|Any CPU
	EndGlobalSection
	GlobalSection(ProjectConfigurationPlatforms) = postSolution
		{77BFA4DB-0291-488D-AA5A-98BD83C9623D}.Debug|Any CPU.ActiveCfg = Debug|Any CPU
		{77BFA4DB-0291-488D-AA5A-98BD83C9623D}.Debug|Any CPU.Build.0 = Debug|Any CPU
		{77BFA4DB-0291-488D-AA5A-98BD83C9623D}.Release|Any CPU.ActiveCfg = Release|Any CPU
		{77BFA4DB-0291-488D-AA5A-98BD83C9623D}.Release|Any CPU.Build.0 = Release|Any CPU
		{FA7A547A-06BE-4D13-9880-D93C01F5AE50}.Debug|Any CPU.ActiveCfg = Debug|Any CPU
		{FA7A547A-06BE-4D13-9880-D93C01F5AE50}.Debug|Any CPU.Build.0 = Debug|Any CPU
		{FA7A547A-06BE-4D13-9880-D93C01F5AE50}.Release|Any CPU.ActiveCfg = Release|Any CPU
		{FA7A547A-06BE-4D13-9880-D93C01F5AE50}.Release|Any CPU.Build.0 = Release|Any CPU
		{A259C002-B832-4ACF-8FB0-21421897DFC8}.Debug|Any CPU.ActiveCfg = Debug|Any CPU
		{A259C002-B832-4ACF-8FB0-21421897DFC8}.Debug|Any CPU.Build.0 = Debug|Any CPU
		{A259C002-B832-4ACF-8FB0-21421897DFC8}.Release|Any CPU.ActiveCfg = Release|Any CPU
		{A259C002-B832-4ACF-8FB0-21421897DFC8}.Release|Any CPU.Build.0 = Release|Any CPU
	EndGlobalSection
EndGlobal
